
Microsoft Visual Studio Solution File, Format Version 12.00
# Visual Studio Version 17
VisualStudioVersion = 17.9.34728.123
MinimumVisualStudioVersion = 10.0.40219.1
Project("{FAE04EC0-301F-11D3-BF4B-00C04F79EFBC}") = "Prattle.ChatApp", "Prattle.ChatApp\Prattle.ChatApp.csproj", "{7B424564-4F66-412E-8AAC-892CE2DC2BB0}"
EndProject
Project("{FAE04EC0-301F-11D3-BF4B-00C04F79EFBC}") = "Prattle.Server", "Prattle.Server\Prattle.Server.csproj", "{8C0F1E4A-95A5-4B4D-8848-14F3BCD0ABED}"
EndProject
Global
	GlobalSection(SolutionConfigurationPlatforms) = preSolution
		Debug|Any CPU = Debug|Any CPU
		Release|Any CPU = Release|Any CPU
	EndGlobalSection
	GlobalSection(ProjectConfigurationPlatforms) = postSolution
		{7B424564-4F66-412E-8AAC-892CE2DC2BB0}.Debug|Any CPU.ActiveCfg = Debug|Any CPU
		{7B424564-4F66-412E-8AAC-892CE2DC2BB0}.Debug|Any CPU.Build.0 = Debug|Any CPU
		{7B424564-4F66-412E-8AAC-892CE2DC2BB0}.Debug|Any CPU.Deploy.0 = Debug|Any CPU
		{7B424564-4F66-412E-8AAC-892CE2DC2BB0}.Release|Any CPU.ActiveCfg = Release|Any CPU
		{7B424564-4F66-412E-8AAC-892CE2DC2BB0}.Release|Any CPU.Build.0 = Release|Any CPU
		{7B424564-4F66-412E-8AAC-892CE2DC2BB0}.Release|Any CPU.Deploy.0 = Release|Any CPU
		{8C0F1E4A-95A5-4B4D-8848-14F3BCD0ABED}.Debug|Any CPU.ActiveCfg = Debug|Any CPU
		{8C0F1E4A-95A5-4B4D-8848-14F3BCD0ABED}.Debug|Any CPU.Build.0 = Debug|Any CPU
		{8C0F1E4A-95A5-4B4D-8848-14F3BCD0ABED}.Release|Any CPU.ActiveCfg = Release|Any CPU
		{8C0F1E4A-95A5-4B4D-8848-14F3BCD0ABED}.Release|Any CPU.Build.0 = Release|Any CPU
	EndGlobalSection
	GlobalSection(SolutionProperties) = preSolution
		HideSolutionNode = FALSE
	EndGlobalSection
	GlobalSection(ExtensibilityGlobals) = postSolution
		SolutionGuid = {525E344E-147F-4EF7-BD4F-841BD839B6A5}
	EndGlobalSection
EndGlobal
